
Microsoft Visual Studio Solution File, Format Version 12.00
# Visual Studio Version 17
VisualStudioVersion = 17.10.35122.118
MinimumVisualStudioVersion = 10.0.40219.1
Project("{9A19103F-16F7-4668-BE54-9A1E7A4F7556}") = "QimiaSchool", "QimiaSchool\QimiaSchool.csproj", "{D01C26A8-E77E-4F0F-A849-4D01F66A48AF}"
EndProject
Project("{9A19103F-16F7-4668-BE54-9A1E7A4F7556}") = "QimiaSchool.DataAccess", "QimiaSchool.DataAccess\QimiaSchool.DataAccess.csproj", "{D1978019-85E7-4734-82AA-B1C72E2D5932}"
EndProject
Project("{9A19103F-16F7-4668-BE54-9A1E7A4F7556}") = "QimiaSchool.Business", "QimiaSchool.Business\QimiaSchool.Business.csproj", "{B29E9E81-AFA1-490E-BC28-D3BDCAC05EFC}"
EndProject
Global
	GlobalSection(SolutionConfigurationPlatforms) = preSolution
		Debug|Any CPU = Debug|Any CPU
		Release|Any CPU = Release|Any CPU
	EndGlobalSection
	GlobalSection(ProjectConfigurationPlatforms) = postSolution
		{D01C26A8-E77E-4F0F-A849-4D01F66A48AF}.Debug|Any CPU.ActiveCfg = Debug|Any CPU
		{D01C26A8-E77E-4F0F-A849-4D01F66A48AF}.Debug|Any CPU.Build.0 = Debug|Any CPU
		{D01C26A8-E77E-4F0F-A849-4D01F66A48AF}.Release|Any CPU.ActiveCfg = Release|Any CPU
		{D01C26A8-E77E-4F0F-A849-4D01F66A48AF}.Release|Any CPU.Build.0 = Release|Any CPU
		{D1978019-85E7-4734-82AA-B1C72E2D5932}.Debug|Any CPU.ActiveCfg = Debug|Any CPU
		{D1978019-85E7-4734-82AA-B1C72E2D5932}.Debug|Any CPU.Build.0 = Debug|Any CPU
		{D1978019-85E7-4734-82AA-B1C72E2D5932}.Release|Any CPU.ActiveCfg = Release|Any CPU
		{D1978019-85E7-4734-82AA-B1C72E2D5932}.Release|Any CPU.Build.0 = Release|Any CPU
		{B29E9E81-AFA1-490E-BC28-D3BDCAC05EFC}.Debug|Any CPU.ActiveCfg = Debug|Any CPU
		{B29E9E81-AFA1-490E-BC28-D3BDCAC05EFC}.Debug|Any CPU.Build.0 = Debug|Any CPU
		{B29E9E81-AFA1-490E-BC28-D3BDCAC05EFC}.Release|Any CPU.ActiveCfg = Release|Any CPU
		{B29E9E81-AFA1-490E-BC28-D3BDCAC05EFC}.Release|Any CPU.Build.0 = Release|Any CPU
	EndGlobalSection
	GlobalSection(SolutionProperties) = preSolution
		HideSolutionNode = FALSE
	EndGlobalSection
	GlobalSection(ExtensibilityGlobals) = postSolution
		SolutionGuid = {E00795FC-2097-4FF7-B83F-D9424629566D}
	EndGlobalSection
EndGlobal
